
Microsoft Visual Studio Solution File, Format Version 12.00
# Visual Studio Version 17
VisualStudioVersion = 17.4.33103.184
MinimumVisualStudioVersion = 10.0.40219.1
Project("{9A19103F-16F7-4668-BE54-9A1E7A4F7556}") = "BackToTheFuture", "BackToTheFuture\BackToTheFuture.csproj", "{17B7E523-28E4-4AF1-862B-8415AD438480}"
EndProject
Project("{FAE04EC0-301F-11D3-BF4B-00C04F79EFBC}") = "BackToTheFutureTests", "BackToTheFutureTests\BackToTheFutureTests.csproj", "{6A6E417F-BFFF-4695-B921-C1B7CACA7679}"
EndProject
Project("{FAE04EC0-301F-11D3-BF4B-00C04F79EFBC}") = "BackToTheFutureLib", "BackToTheFutureLib\BackToTheFutureLib.csproj", "{7B178C6B-5796-4782-B580-AB7E5EA2EE8D}"
EndProject
Global
	GlobalSection(SolutionConfigurationPlatforms) = preSolution
		Debug|Any CPU = Debug|Any CPU
		Release|Any CPU = Release|Any CPU
	EndGlobalSection
	GlobalSection(ProjectConfigurationPlatforms) = postSolution
		{17B7E523-28E4-4AF1-862B-8415AD438480}.Debug|Any CPU.ActiveCfg = Debug|Any CPU
		{17B7E523-28E4-4AF1-862B-8415AD438480}.Debug|Any CPU.Build.0 = Debug|Any CPU
		{17B7E523-28E4-4AF1-862B-8415AD438480}.Release|Any CPU.ActiveCfg = Release|Any CPU
		{17B7E523-28E4-4AF1-862B-8415AD438480}.Release|Any CPU.Build.0 = Release|Any CPU
		{6A6E417F-BFFF-4695-B921-C1B7CACA7679}.Debug|Any CPU.ActiveCfg = Debug|Any CPU
		{6A6E417F-BFFF-4695-B921-C1B7CACA7679}.Debug|Any CPU.Build.0 = Debug|Any CPU
		{6A6E417F-BFFF-4695-B921-C1B7CACA7679}.Release|Any CPU.ActiveCfg = Release|Any CPU
		{6A6E417F-BFFF-4695-B921-C1B7CACA7679}.Release|Any CPU.Build.0 = Release|Any CPU
		{7B178C6B-5796-4782-B580-AB7E5EA2EE8D}.Debug|Any CPU.ActiveCfg = Debug|Any CPU
		{7B178C6B-5796-4782-B580-AB7E5EA2EE8D}.Debug|Any CPU.Build.0 = Debug|Any CPU
		{7B178C6B-5796-4782-B580-AB7E5EA2EE8D}.Release|Any CPU.ActiveCfg = Release|Any CPU
		{7B178C6B-5796-4782-B580-AB7E5EA2EE8D}.Release|Any CPU.Build.0 = Release|Any CPU
	EndGlobalSection
	GlobalSection(SolutionProperties) = preSolution
		HideSolutionNode = FALSE
	EndGlobalSection
	GlobalSection(ExtensibilityGlobals) = postSolution
		SolutionGuid = {AF18AE57-F26C-4686-9D13-60CA497E4F1B}
	EndGlobalSection
EndGlobal
